
Microsoft Visual Studio Solution File, Format Version 12.00
# Visual Studio Version 16
VisualStudioVersion = 16.0.28701.123
MinimumVisualStudioVersion = 10.0.40219.1
Project("{FAE04EC0-301F-11D3-BF4B-00C04F79EFBC}") = "SkyVM", "SkyVM\SkyVM.csproj", "{8BBD82F6-4A66-4685-A980-B89A4A81484A}"
EndProject
Global
	GlobalSection(SolutionConfigurationPlatforms) = preSolution
		Debug|Any CPU = Debug|Any CPU
		Release|Any CPU = Release|Any CPU
	EndGlobalSection
	GlobalSection(ProjectConfigurationPlatforms) = postSolution
		{8BBD82F6-4A66-4685-A980-B89A4A81484A}.Debug|Any CPU.ActiveCfg = Debug|Any CPU
		{8BBD82F6-4A66-4685-A980-B89A4A81484A}.Debug|Any CPU.Build.0 = Debug|Any CPU
		{8BBD82F6-4A66-4685-A980-B89A4A81484A}.Release|Any CPU.ActiveCfg = Release|Any CPU
		{8BBD82F6-4A66-4685-A980-B89A4A81484A}.Release|Any CPU.Build.0 = Release|Any CPU
	EndGlobalSection
	GlobalSection(SolutionProperties) = preSolution
		HideSolutionNode = FALSE
	EndGlobalSection
	GlobalSection(ExtensibilityGlobals) = postSolution
		SolutionGuid = {1636C077-0878-46E4-B4A8-BA65E238FD55}
	EndGlobalSection
EndGlobal
